[root]
name = "heroku-rust-cargo-hello"
version = "1.0.0"
dependencies = [
 "iron 0.0.5 (registry+https://github.com/rust-lang/crates.io-index)",
 "router 0.0.1 (git+https://github.com/iron/router.git)",
]

[[package]]
name = "cookie"
version = "0.0.1"
source = "registry+https://github.com/rust-lang/crates.io-index"
dependencies = [
 "openssl 0.0.2 (registry+https://github.com/rust-lang/crates.io-index)",
 "time 0.0.3 (registry+https://github.com/rust-lang/crates.io-index)",
 "url 0.2.1 (registry+https://github.com/rust-lang/crates.io-index)",
]

[[package]]
name = "error"
version = "0.0.1"
source = "registry+https://github.com/rust-lang/crates.io-index"
dependencies = [
 "typeable 0.0.2 (registry+https://github.com/rust-lang/crates.io-index)",
]

[[package]]
name = "gcc"
version = "0.0.2"
source = "registry+https://github.com/rust-lang/crates.io-index"

[[package]]
name = "hyper"
version = "0.0.5"
source = "registry+https://github.com/rust-lang/crates.io-index"
dependencies = [
 "cookie 0.0.1 (registry+https://github.com/rust-lang/crates.io-index)",
 "mime 0.0.1 (registry+https://github.com/rust-lang/crates.io-index)",
 "openssl 0.0.2 (registry+https://github.com/rust-lang/crates.io-index)",
 "time 0.0.3 (registry+https://github.com/rust-lang/crates.io-index)",
 "typeable 0.0.2 (registry+https://github.com/rust-lang/crates.io-index)",
 "unsafe-any 0.1.0 (registry+https://github.com/rust-lang/crates.io-index)",
 "url 0.2.1 (registry+https://github.com/rust-lang/crates.io-index)",
]

[[package]]
name = "iron"
version = "0.0.5"
source = "registry+https://github.com/rust-lang/crates.io-index"
dependencies = [
 "error 0.0.1 (registry+https://github.com/rust-lang/crates.io-index)",
 "hyper 0.0.5 (registry+https://github.com/rust-lang/crates.io-index)",
 "modifier 0.0.1 (registry+https://github.com/rust-lang/crates.io-index)",
 "plugin 0.0.0 (registry+https://github.com/rust-lang/crates.io-index)",
 "typemap 0.0.3 (registry+https://github.com/rust-lang/crates.io-index)",
 "url 0.2.1 (registry+https://github.com/rust-lang/crates.io-index)",
]

[[package]]
name = "libressl-pnacl-sys"
version = "2.0.0"
source = "registry+https://github.com/rust-lang/crates.io-index"
dependencies = [
 "pnacl-build-helper 1.0.0 (registry+https://github.com/rust-lang/crates.io-index)",
]

[[package]]
name = "mime"
version = "0.0.1"
source = "registry+https://github.com/rust-lang/crates.io-index"

[[package]]
name = "modifier"
version = "0.0.1"
source = "registry+https://github.com/rust-lang/crates.io-index"
dependencies = [
 "stainless 0.0.3 (registry+https://github.com/rust-lang/crates.io-index)",
]

[[package]]
name = "openssl"
version = "0.0.2"
source = "registry+https://github.com/rust-lang/crates.io-index"
dependencies = [
 "libressl-pnacl-sys 2.0.0 (registry+https://github.com/rust-lang/crates.io-index)",
 "openssl-sys 0.0.2 (registry+https://github.com/rust-lang/crates.io-index)",
]

[[package]]
name = "openssl-sys"
version = "0.0.2"
source = "registry+https://github.com/rust-lang/crates.io-index"
dependencies = [
 "pkg-config 0.0.1 (registry+https://github.com/rust-lang/crates.io-index)",
]

[[package]]
name = "phantom"
version = "0.0.1"
source = "registry+https://github.com/rust-lang/crates.io-index"

[[package]]
name = "pkg-config"
version = "0.0.1"
source = "registry+https://github.com/rust-lang/crates.io-index"

[[package]]
name = "plugin"
version = "0.0.0"
source = "registry+https://github.com/rust-lang/crates.io-index"
dependencies = [
 "phantom 0.0.1 (registry+https://github.com/rust-lang/crates.io-index)",
 "typemap 0.0.3 (registry+https://github.com/rust-lang/crates.io-index)",
]

[[package]]
name = "pnacl-build-helper"
version = "1.0.0"
source = "registry+https://github.com/rust-lang/crates.io-index"

[[package]]
name = "route-recognizer"
version = "0.1.1"
source = "registry+https://github.com/rust-lang/crates.io-index"

[[package]]
name = "router"
version = "0.0.1"
source = "git+https://github.com/iron/router.git#b7f3476574f940e4e526134b225a4b384cefe374"
dependencies = [
 "iron 0.0.5 (registry+https://github.com/rust-lang/crates.io-index)",
 "route-recognizer 0.1.1 (registry+https://github.com/rust-lang/crates.io-index)",
]

[[package]]
name = "stainless"
version = "0.0.3"
source = "registry+https://github.com/rust-lang/crates.io-index"

[[package]]
name = "time"
version = "0.0.3"
source = "registry+https://github.com/rust-lang/crates.io-index"
dependencies = [
 "gcc 0.0.2 (registry+https://github.com/rust-lang/crates.io-index)",
]

[[package]]
name = "typeable"
version = "0.0.2"
source = "registry+https://github.com/rust-lang/crates.io-index"

[[package]]
name = "typemap"
version = "0.0.3"
source = "registry+https://github.com/rust-lang/crates.io-index"
dependencies = [
 "phantom 0.0.1 (registry+https://github.com/rust-lang/crates.io-index)",
 "unsafe-any 0.1.0 (registry+https://github.com/rust-lang/crates.io-index)",
]

[[package]]
name = "unsafe-any"
version = "0.1.0"
source = "registry+https://github.com/rust-lang/crates.io-index"

[[package]]
name = "url"
version = "0.2.1"
source = "registry+https://github.com/rust-lang/crates.io-index"

